// !$*UTF8*$!
{
	archiveVersion = 1;
	classes = {
	};
	objectVersion = 56;
	objects = {

/* Begin PBXBuildFile section */
		A17DE20C2AD75B2D00C3E901 /* AbsurdleApp.swift in Sources */ = {isa = PBXBuildFile; fileRef = A17DE20B2AD75B2D00C3E901 /* AbsurdleApp.swift */; };
		A17DE20E2AD75B2D00C3E901 /* ContentView.swift in Sources */ = {isa = PBXBuildFile; fileRef = A17DE20D2AD75B2D00C3E901 /* ContentView.swift */; };
		A17DE2102AD75B2D00C3E901 /* Item.swift in Sources */ = {isa = PBXBuildFile; fileRef = A17DE20F2AD75B2D00C3E901 /* Item.swift */; };
		A17DE2122AD75B2F00C3E901 /* Assets.xcassets in Resources */ = {isa = PBXBuildFile; fileRef = A17DE2112AD75B2F00C3E901 /* Assets.xcassets */; };
		A17DE2152AD75B2F00C3E901 /* Preview Assets.xcassets in Resources */ = {isa = PBXBuildFile; fileRef = A17DE2142AD75B2F00C3E901 /* Preview Assets.xcassets */; };
		A17DE2212AD75B2F00C3E901 /* AbsurdleTests.swift in Sources */ = {isa = PBXBuildFile; fileRef = A17DE2202AD75B2F00C3E901 /* AbsurdleTests.swift */; };
		A17DE22B2AD75B2F00C3E901 /* AbsurdleUITests.swift in Sources */ = {isa = PBXBuildFile; fileRef = A17DE22A2AD75B2F00C3E901 /* AbsurdleUITests.swift */; };
		A17DE22D2AD75B2F00C3E901 /* AbsurdleUITestsLaunchTests.swift in Sources */ = {isa = PBXBuildFile; fileRef = A17DE22C2AD75B2F00C3E901 /* AbsurdleUITestsLaunchTests.swift */; };
		A17DE23A2AD75EDF00C3E901 /* GameEngine.swift in Sources */ = {isa = PBXBuildFile; fileRef = A17DE2392AD75EDF00C3E901 /* GameEngine.swift */; };
/* End PBXBuildFile section */

/* Begin PBXContainerItemProxy section */
		A17DE21D2AD75B2F00C3E901 /* PBXContainerItemProxy */ = {
			isa = PBXContainerItemProxy;
			containerPortal = A17DE2002AD75B2D00C3E901 /* Project object */;
			proxyType = 1;
			remoteGlobalIDString = A17DE2072AD75B2D00C3E901;
			remoteInfo = Absurdle;
		};
		A17DE2272AD75B2F00C3E901 /* PBXContainerItemProxy */ = {
			isa = PBXContainerItemProxy;
			containerPortal = A17DE2002AD75B2D00C3E901 /* Project object */;
			proxyType = 1;
			remoteGlobalIDString = A17DE2072AD75B2D00C3E901;
			remoteInfo = Absurdle;
		};
/* End PBXContainerItemProxy section */

/* Begin PBXFileReference section */
		A17DE2082AD75B2D00C3E901 /* Absurdle.app */ = {isa = PBXFileReference; explicitFileType = wrapper.application; includeInIndex = 0; path = Absurdle.app; sourceTree = BUILT_PRODUCTS_DIR; };
		A17DE20B2AD75B2D00C3E901 /* AbsurdleApp.swift */ = {isa = PBXFileReference; lastKnownFileType = sourcecode.swift; path = AbsurdleApp.swift; sourceTree = "<group>"; };
		A17DE20D2AD75B2D00C3E901 /* ContentView.swift */ = {isa = PBXFileReference; lastKnownFileType = sourcecode.swift; path = ContentView.swift; sourceTree = "<group>"; };
		A17DE20F2AD75B2D00C3E901 /* Item.swift */ = {isa = PBXFileReference; lastKnownFileType = sourcecode.swift; path = Item.swift; sourceTree = "<group>"; };
		A17DE2112AD75B2F00C3E901 /* Assets.xcassets */ = {isa = PBXFileReference; lastKnownFileType = folder.assetcatalog; path = Assets.xcassets; sourceTree = "<group>"; };
		A17DE2142AD75B2F00C3E901 /* Preview Assets.xcassets */ = {isa = PBXFileReference; lastKnownFileType = folder.assetcatalog; path = "Preview Assets.xcassets"; sourceTree = "<group>"; };
		A17DE2162AD75B2F00C3E901 /* Absurdle.entitlements */ = {isa = PBXFileReference; lastKnownFileType = text.plist.entitlements; path = Absurdle.entitlements; sourceTree = "<group>"; };
		A17DE2172AD75B2F00C3E901 /* Info.plist */ = {isa = PBXFileReference; lastKnownFileType = text.plist.xml; path = Info.plist; sourceTree = "<group>"; };
		A17DE21C2AD75B2F00C3E901 /* AbsurdleTests.xctest */ = {isa = PBXFileReference; explicitFileType = wrapper.cfbundle; includeInIndex = 0; path = AbsurdleTests.xctest; sourceTree = BUILT_PRODUCTS_DIR; };
		A17DE2202AD75B2F00C3E901 /* AbsurdleTests.swift */ = {isa = PBXFileReference; lastKnownFileType = sourcecode.swift; path = AbsurdleTests.swift; sourceTree = "<group>"; };
		A17DE2262AD75B2F00C3E901 /* AbsurdleUITests.xctest */ = {isa = PBXFileReference; explicitFileType = wrapper.cfbundle; includeInIndex = 0; path = AbsurdleUITests.xctest; sourceTree = BUILT_PRODUCTS_DIR; };
		A17DE22A2AD75B2F00C3E901 /* AbsurdleUITests.swift */ = {isa = PBXFileReference; lastKnownFileType = sourcecode.swift; path = AbsurdleUITests.swift; sourceTree = "<group>"; };
		A17DE22C2AD75B2F00C3E901 /* AbsurdleUITestsLaunchTests.swift */ = {isa = PBXFileReference; lastKnownFileType = sourcecode.swift; path = AbsurdleUITestsLaunchTests.swift; sourceTree = "<group>"; };
		A17DE2392AD75EDF00C3E901 /* GameEngine.swift */ = {isa = PBXFileReference; lastKnownFileType = sourcecode.swift; path = GameEngine.swift; sourceTree = "<group>"; };
/* End PBXFileReference section */

/* Begin PBXFrameworksBuildPhase section */
		A17DE2052AD75B2D00C3E901 /* Frameworks */ = {
			isa = PBXFrameworksBuildPhase;
			buildActionMask = 2147483647;
			files = (
			);
			runOnlyForDeploymentPostprocessing = 0;
		};
		A17DE2192AD75B2F00C3E901 /* Frameworks */ = {
			isa = PBXFrameworksBuildPhase;
			buildActionMask = 2147483647;
			files = (
			);
			runOnlyForDeploymentPostprocessing = 0;
		};
		A17DE2232AD75B2F00C3E901 /* Frameworks */ = {
			isa = PBXFrameworksBuildPhase;
			buildActionMask = 2147483647;
			files = (
			);
			runOnlyForDeploymentPostprocessing = 0;
		};
/* End PBXFrameworksBuildPhase section */

/* Begin PBXGroup section */
		A17DE1FF2AD75B2D00C3E901 = {
			isa = PBXGroup;
			children = (
				A17DE20A2AD75B2D00C3E901 /* Absurdle */,
				A17DE21F2AD75B2F00C3E901 /* AbsurdleTests */,
				A17DE2292AD75B2F00C3E901 /* AbsurdleUITests */,
				A17DE2092AD75B2D00C3E901 /* Products */,
			);
			sourceTree = "<group>";
		};
		A17DE2092AD75B2D00C3E901 /* Products */ = {
			isa = PBXGroup;
			children = (
				A17DE2082AD75B2D00C3E901 /* Absurdle.app */,
				A17DE21C2AD75B2F00C3E901 /* AbsurdleTests.xctest */,
				A17DE2262AD75B2F00C3E901 /* AbsurdleUITests.xctest */,
			);
			name = Products;
			sourceTree = "<group>";
		};
		A17DE20A2AD75B2D00C3E901 /* Absurdle */ = {
			isa = PBXGroup;
			children = (
				A17DE20B2AD75B2D00C3E901 /* AbsurdleApp.swift */,
				A17DE2392AD75EDF00C3E901 /* GameEngine.swift */,
				A17DE20D2AD75B2D00C3E901 /* ContentView.swift */,
				A17DE20F2AD75B2D00C3E901 /* Item.swift */,
				A17DE2112AD75B2F00C3E901 /* Assets.xcassets */,
				A17DE2162AD75B2F00C3E901 /* Absurdle.entitlements */,
				A17DE2172AD75B2F00C3E901 /* Info.plist */,
				A17DE2132AD75B2F00C3E901 /* Preview Content */,
			);
			path = Absurdle;
			sourceTree = "<group>";
		};
		A17DE2132AD75B2F00C3E901 /* Preview Content */ = {
			isa = PBXGroup;
			children = (
				A17DE2142AD75B2F00C3E901 /* Preview Assets.xcassets */,
			);
			path = "Preview Content";
			sourceTree = "<group>";
		};
		A17DE21F2AD75B2F00C3E901 /* AbsurdleTests */ = {
			isa = PBXGroup;
			children = (
				A17DE2202AD75B2F00C3E901 /* AbsurdleTests.swift */,
			);
			path = AbsurdleTests;
			sourceTree = "<group>";
		};
		A17DE2292AD75B2F00C3E901 /* AbsurdleUITests */ = {
			isa = PBXGroup;
			children = (
				A17DE22A2AD75B2F00C3E901 /* AbsurdleUITests.swift */,
				A17DE22C2AD75B2F00C3E901 /* AbsurdleUITestsLaunchTests.swift */,
			);
			path = AbsurdleUITests;
			sourceTree = "<group>";
		};
/* End PBXGroup section */

/* Begin PBXNativeTarget section */
		A17DE2072AD75B2D00C3E901 /* Absurdle */ = {
			isa = PBXNativeTarget;
			buildConfigurationList = A17DE2302AD75B2F00C3E901 /* Build configuration list for PBXNativeTarget "Absurdle" */;
			buildPhases = (
				A17DE2042AD75B2D00C3E901 /* Sources */,
				A17DE2052AD75B2D00C3E901 /* Frameworks */,
				A17DE2062AD75B2D00C3E901 /* Resources */,
			);
			buildRules = (
			);
			dependencies = (
			);
			name = Absurdle;
			productName = Absurdle;
			productReference = A17DE2082AD75B2D00C3E901 /* Absurdle.app */;
			productType = "com.apple.product-type.application";
		};
		A17DE21B2AD75B2F00C3E901 /* AbsurdleTests */ = {
			isa = PBXNativeTarget;
			buildConfigurationList = A17DE2332AD75B2F00C3E901 /* Build configuration list for PBXNativeTarget "AbsurdleTests" */;
			buildPhases = (
				A17DE2182AD75B2F00C3E901 /* Sources */,
				A17DE2192AD75B2F00C3E901 /* Frameworks */,
				A17DE21A2AD75B2F00C3E901 /* Resources */,
			);
			buildRules = (
			);
			dependencies = (
				A17DE21E2AD75B2F00C3E901 /* PBXTargetDependency */,
			);
			name = AbsurdleTests;
			productName = AbsurdleTests;
			productReference = A17DE21C2AD75B2F00C3E901 /* AbsurdleTests.xctest */;
			productType = "com.apple.product-type.bundle.unit-test";
		};
		A17DE2252AD75B2F00C3E901 /* AbsurdleUITests */ = {
			isa = PBXNativeTarget;
			buildConfigurationList = A17DE2362AD75B2F00C3E901 /* Build configuration list for PBXNativeTarget "AbsurdleUITests" */;
			buildPhases = (
				A17DE2222AD75B2F00C3E901 /* Sources */,
				A17DE2232AD75B2F00C3E901 /* Frameworks */,
				A17DE2242AD75B2F00C3E901 /* Resources */,
			);
			buildRules = (
			);
			dependencies = (
				A17DE2282AD75B2F00C3E901 /* PBXTargetDependency */,
			);
			name = AbsurdleUITests;
			productName = AbsurdleUITests;
			productReference = A17DE2262AD75B2F00C3E901 /* AbsurdleUITests.xctest */;
			productType = "com.apple.product-type.bundle.ui-testing";
		};
/* End PBXNativeTarget section */

/* Begin PBXProject section */
		A17DE2002AD75B2D00C3E901 /* Project object */ = {
			isa = PBXProject;
			attributes = {
				BuildIndependentTargetsInParallel = 1;
				LastSwiftUpdateCheck = 1510;
				LastUpgradeCheck = 1510;
				TargetAttributes = {
					A17DE2072AD75B2D00C3E901 = {
						CreatedOnToolsVersion = 15.1;
					};
					A17DE21B2AD75B2F00C3E901 = {
						CreatedOnToolsVersion = 15.1;
						TestTargetID = A17DE2072AD75B2D00C3E901;
					};
					A17DE2252AD75B2F00C3E901 = {
						CreatedOnToolsVersion = 15.1;
						TestTargetID = A17DE2072AD75B2D00C3E901;
					};
				};
			};
			buildConfigurationList = A17DE2032AD75B2D00C3E901 /* Build configuration list for PBXProject "Absurdle" */;
			compatibilityVersion = "Xcode 14.0";
			developmentRegion = en;
			hasScannedForEncodings = 0;
			knownRegions = (
				en,
				Base,
			);
			mainGroup = A17DE1FF2AD75B2D00C3E901;
			productRefGroup = A17DE2092AD75B2D00C3E901 /* Products */;
			projectDirPath = "";
			projectRoot = "";
			targets = (
				A17DE2072AD75B2D00C3E901 /* Absurdle */,
				A17DE21B2AD75B2F00C3E901 /* AbsurdleTests */,
				A17DE2252AD75B2F00C3E901 /* AbsurdleUITests */,
			);
		};
/* End PBXProject section */

/* Begin PBXResourcesBuildPhase section */
		A17DE2062AD75B2D00C3E901 /* Resources */ = {
			isa = PBXResourcesBuildPhase;
			buildActionMask = 2147483647;
			files = (
				A17DE2152AD75B2F00C3E901 /* Preview Assets.xcassets in Resources */,
				A17DE2122AD75B2F00C3E901 /* Assets.xcassets in Resources */,
			);
			runOnlyForDeploymentPostprocessing = 0;
		};
		A17DE21A2AD75B2F00C3E901 /* Resources */ = {
			isa = PBXResourcesBuildPhase;
			buildActionMask = 2147483647;
			files = (
			);
			runOnlyForDeploymentPostprocessing = 0;
		};
		A17DE2242AD75B2F00C3E901 /* Resources */ = {
			isa = PBXResourcesBuildPhase;
			buildActionMask = 2147483647;
			files = (
			);
			runOnlyForDeploymentPostprocessing = 0;
		};
/* End PBXResourcesBuildPhase section */

/* Begin PBXSourcesBuildPhase section */
		A17DE2042AD75B2D00C3E901 /* Sources */ = {
			isa = PBXSourcesBuildPhase;
			buildActionMask = 2147483647;
			files = (
				A17DE20E2AD75B2D00C3E901 /* ContentView.swift in Sources */,
				A17DE2102AD75B2D00C3E901 /* Item.swift in Sources */,
				A17DE20C2AD75B2D00C3E901 /* AbsurdleApp.swift in Sources */,
				A17DE23A2AD75EDF00C3E901 /* GameEngine.swift in Sources */,
			);
			runOnlyForDeploymentPostprocessing = 0;
		};
		A17DE2182AD75B2F00C3E901 /* Sources */ = {
			isa = PBXSourcesBuildPhase;
			buildActionMask = 2147483647;
			files = (
				A17DE2212AD75B2F00C3E901 /* AbsurdleTests.swift in Sources */,
			);
			runOnlyForDeploymentPostprocessing = 0;
		};
		A17DE2222AD75B2F00C3E901 /* Sources */ = {
			isa = PBXSourcesBuildPhase;
			buildActionMask = 2147483647;
			files = (
				A17DE22D2AD75B2F00C3E901 /* AbsurdleUITestsLaunchTests.swift in Sources */,
				A17DE22B2AD75B2F00C3E901 /* AbsurdleUITests.swift in Sources */,
			);
			runOnlyForDeploymentPostprocessing = 0;
		};
/* End PBXSourcesBuildPhase section */

/* Begin PBXTargetDependency section */
		A17DE21E2AD75B2F00C3E901 /* PBXTargetDependency */ = {
			isa = PBXTargetDependency;
			target = A17DE2072AD75B2D00C3E901 /* Absurdle */;
			targetProxy = A17DE21D2AD75B2F00C3E901 /* PBXContainerItemProxy */;
		};
		A17DE2282AD75B2F00C3E901 /* PBXTargetDependency */ = {
			isa = PBXTargetDependency;
			target = A17DE2072AD75B2D00C3E901 /* Absurdle */;
			targetProxy = A17DE2272AD75B2F00C3E901 /* PBXContainerItemProxy */;
		};
/* End PBXTargetDependency section */

/* Begin XCBuildConfiguration section */
		A17DE22E2AD75B2F00C3E901 /* Debug */ = {
			isa = XCBuildConfiguration;
			buildSettings = {
				ALWAYS_SEARCH_USER_PATHS = NO;
				ASSETCATALOG_COMPILER_GENERATE_SWIFT_ASSET_SYMBOL_EXTENSIONS = YES;
				CLANG_ANALYZER_NONNULL = YES;
				CLANG_ANALYZER_NUMBER_OBJECT_CONVERSION = YES_AGGRESSIVE;
				CLANG_CXX_LANGUAGE_STANDARD = "gnu++20";
				CLANG_ENABLE_MODULES = YES;
				CLANG_ENABLE_OBJC_ARC = YES;
				CLANG_ENABLE_OBJC_WEAK = YES;
				CLANG_WARN_BLOCK_CAPTURE_AUTORELEASING = YES;
				CLANG_WARN_BOOL_CONVERSION = YES;
				CLANG_WARN_COMMA = YES;
				CLANG_WARN_CONSTANT_CONVERSION = YES;
				CLANG_WARN_DEPRECATED_OBJC_IMPLEMENTATIONS = YES;
				CLANG_WARN_DIRECT_OBJC_ISA_USAGE = YES_ERROR;
				CLANG_WARN_DOCUMENTATION_COMMENTS = YES;
				CLANG_WARN_EMPTY_BODY = YES;
				CLANG_WARN_ENUM_CONVERSION = YES;
				CLANG_WARN_INFINITE_RECURSION = YES;
				CLANG_WARN_INT_CONVERSION = YES;
				CLANG_WARN_NON_LITERAL_NULL_CONVERSION = YES;
				CLANG_WARN_OBJC_IMPLICIT_RETAIN_SELF = YES;
				CLANG_WARN_OBJC_LITERAL_CONVERSION = YES;
				CLANG_WARN_OBJC_ROOT_CLASS = YES_ERROR;
				CLANG_WARN_QUOTED_INCLUDE_IN_FRAMEWORK_HEADER = YES;
				CLANG_WARN_RANGE_LOOP_ANALYSIS = YES;
				CLANG_WARN_STRICT_PROTOTYPES = YES;
				CLANG_WARN_SUSPICIOUS_MOVE = YES;
				CLANG_WARN_UNGUARDED_AVAILABILITY = YES_AGGRESSIVE;
				CLANG_WARN_UNREACHABLE_CODE = YES;
				CLANG_WARN__DUPLICATE_METHOD_MATCH = YES;
				COPY_PHASE_STRIP = NO;
				DEBUG_INFORMATION_FORMAT = dwarf;
				ENABLE_STRICT_OBJC_MSGSEND = YES;
				ENABLE_TESTABILITY = YES;
				ENABLE_USER_SCRIPT_SANDBOXING = YES;
				GCC_C_LANGUAGE_STANDARD = gnu17;
				GCC_DYNAMIC_NO_PIC = NO;
				GCC_NO_COMMON_BLOCKS = YES;
				GCC_OPTIMIZATION_LEVEL = 0;
				GCC_PREPROCESSOR_DEFINITIONS = (
					"DEBUG=1",
					"$(inherited)",
				);
				GCC_WARN_64_TO_32_BIT_CONVERSION = YES;
				GCC_WARN_ABOUT_RETURN_TYPE = YES_ERROR;
				GCC_WARN_UNDECLARED_SELECTOR = YES;
				GCC_WARN_UNINITIALIZED_AUTOS = YES_AGGRESSIVE;
				GCC_WARN_UNUSED_FUNCTION = YES;
				GCC_WARN_UNUSED_VARIABLE = YES;
				IPHONEOS_DEPLOYMENT_TARGET = 17.0;
				LOCALIZATION_PREFERS_STRING_CATALOGS = YES;
				MTL_ENABLE_DEBUG_INFO = INCLUDE_SOURCE;
				MTL_FAST_MATH = YES;
				ONLY_ACTIVE_ARCH = YES;
				SDKROOT = iphoneos;
				SWIFT_ACTIVE_COMPILATION_CONDITIONS = "DEBUG $(inherited)";
				SWIFT_OPTIMIZATION_LEVEL = "-Onone";
			};
			name = Debug;
		};
		A17DE22F2AD75B2F00C3E901 /* Release */ = {
			isa = XCBuildConfiguration;
			buildSettings = {
				ALWAYS_SEARCH_USER_PATHS = NO;
				ASSETCATALOG_COMPILER_GENERATE_SWIFT_ASSET_SYMBOL_EXTENSIONS = YES;
				CLANG_ANALYZER_NONNULL = YES;
				CLANG_ANALYZER_NUMBER_OBJECT_CONVERSION = YES_AGGRESSIVE;
				CLANG_CXX_LANGUAGE_STANDARD = "gnu++20";
				CLANG_ENABLE_MODULES = YES;
				CLANG_ENABLE_OBJC_ARC = YES;
				CLANG_ENABLE_OBJC_WEAK = YES;
				CLANG_WARN_BLOCK_CAPTURE_AUTORELEASING = YES;
				CLANG_WARN_BOOL_CONVERSION = YES;
				CLANG_WARN_COMMA = YES;
				CLANG_WARN_CONSTANT_CONVERSION = YES;
				CLANG_WARN_DEPRECATED_OBJC_IMPLEMENTATIONS = YES;
				CLANG_WARN_DIRECT_OBJC_ISA_USAGE = YES_ERROR;
				CLANG_WARN_DOCUMENTATION_COMMENTS = YES;
				CLANG_WARN_EMPTY_BODY = YES;
				CLANG_WARN_ENUM_CONVERSION = YES;
				CLANG_WARN_INFINITE_RECURSION = YES;
				CLANG_WARN_INT_CONVERSION = YES;
				CLANG_WARN_NON_LITERAL_NULL_CONVERSION = YES;
				CLANG_WARN_OBJC_IMPLICIT_RETAIN_SELF = YES;
				CLANG_WARN_OBJC_LITERAL_CONVERSION = YES;
				CLANG_WARN_OBJC_ROOT_CLASS = YES_ERROR;
				CLANG_WARN_QUOTED_INCLUDE_IN_FRAMEWORK_HEADER = YES;
				CLANG_WARN_RANGE_LOOP_ANALYSIS = YES;
				CLANG_WARN_STRICT_PROTOTYPES = YES;
				CLANG_WARN_SUSPICIOUS_MOVE = YES;
				CLANG_WARN_UNGUARDED_AVAILABILITY = YES_AGGRESSIVE;
				CLANG_WARN_UNREACHABLE_CODE = YES;
				CLANG_WARN__DUPLICATE_METHOD_MATCH = YES;
				COPY_PHASE_STRIP = NO;
				DEBUG_INFORMATION_FORMAT = "dwarf-with-dsym";
				ENABLE_NS_ASSERTIONS = NO;
				ENABLE_STRICT_OBJC_MSGSEND = YES;
				ENABLE_USER_SCRIPT_SANDBOXING = YES;
				GCC_C_LANGUAGE_STANDARD = gnu17;
				GCC_NO_COMMON_BLOCKS = YES;
				GCC_WARN_64_TO_32_BIT_CONVERSION = YES;
				GCC_WARN_ABOUT_RETURN_TYPE = YES_ERROR;
				GCC_WARN_UNDECLARED_SELECTOR = YES;
				GCC_WARN_UNINITIALIZED_AUTOS = YES_AGGRESSIVE;
				GCC_WARN_UNUSED_FUNCTION = YES;
				GCC_WARN_UNUSED_VARIABLE = YES;
				IPHONEOS_DEPLOYMENT_TARGET = 17.0;
				LOCALIZATION_PREFERS_STRING_CATALOGS = YES;
				MTL_ENABLE_DEBUG_INFO = NO;
				MTL_FAST_MATH = YES;
				SDKROOT = iphoneos;
				SWIFT_COMPILATION_MODE = wholemodule;
				VALIDATE_PRODUCT = YES;
			};
			name = Release;
		};
		A17DE2312AD75B2F00C3E901 /* Debug */ = {
			isa = XCBuildConfiguration;
			buildSettings = {
				ASSETCATALOG_COMPILER_APPICON_NAME = AppIcon;
				ASSETCATALOG_COMPILER_GLOBAL_ACCENT_COLOR_NAME = AccentColor;
				CODE_SIGN_ENTITLEMENTS = Absurdle/Absurdle.entitlements;
				CODE_SIGN_STYLE = Automatic;
				CURRENT_PROJECT_VERSION = 1;
				DEVELOPMENT_ASSET_PATHS = "\"Absurdle/Preview Content\"";
				DEVELOPMENT_TEAM = XH2WTT3V74;
				ENABLE_PREVIEWS = YES;
				GENERATE_INFOPLIST_FILE = YES;
				INFOPLIST_FILE = Absurdle/Info.plist;
				INFOPLIST_KEY_UIApplicationSceneManifest_Generation = YES;
				INFOPLIST_KEY_UIApplicationSupportsIndirectInputEvents = YES;
				INFOPLIST_KEY_UILaunchScreen_Generation = YES;
				INFOPLIST_KEY_UISupportedInterfaceOrientations_iPad = "UIInterfaceOrientationPortrait UIInterfaceOrientationPortraitUpsideDown UIInterfaceOrientationLandscapeLeft UIInterfaceOrientationLandscapeRight";
				INFOPLIST_KEY_UISupportedInterfaceOrientations_iPhone = "UIInterfaceOrientationPortrait UIInterfaceOrientationLandscapeLeft UIInterfaceOrientationLandscapeRight";
				LD_RUNPATH_SEARCH_PATHS = (
					"$(inherited)",
					"@executable_path/Frameworks",
				);
				MARKETING_VERSION = 1.0;
				PRODUCT_BUNDLE_IDENTIFIER = com.jilsco.Absurdle;
				PRODUCT_NAME = "$(TARGET_NAME)";
				SWIFT_EMIT_LOC_STRINGS = YES;
				SWIFT_VERSION = 5.0;
				TARGETED_DEVICE_FAMILY = "1,2";
			};
			name = Debug;
		};
		A17DE2322AD75B2F00C3E901 /* Release */ = {
			isa = XCBuildConfiguration;
			buildSettings = {
				ASSETCATALOG_COMPILER_APPICON_NAME = AppIcon;
				ASSETCATALOG_COMPILER_GLOBAL_ACCENT_COLOR_NAME = AccentColor;
				CODE_SIGN_ENTITLEMENTS = Absurdle/Absurdle.entitlements;
				CODE_SIGN_STYLE = Automatic;
				CURRENT_PROJECT_VERSION = 1;
				DEVELOPMENT_ASSET_PATHS = "\"Absurdle/Preview Content\"";
				DEVELOPMENT_TEAM = XH2WTT3V74;
				ENABLE_PREVIEWS = YES;
				GENERATE_INFOPLIST_FILE = YES;
				INFOPLIST_FILE = Absurdle/Info.plist;
				INFOPLIST_KEY_UIApplicationSceneManifest_Generation = YES;
				INFOPLIST_KEY_UIApplicationSupportsIndirectInputEvents = YES;
				INFOPLIST_KEY_UILaunchScreen_Generation = YES;
				INFOPLIST_KEY_UISupportedInterfaceOrientations_iPad = "UIInterfaceOrientationPortrait UIInterfaceOrientationPortraitUpsideDown UIInterfaceOrientationLandscapeLeft UIInterfaceOrientationLandscapeRight";
				INFOPLIST_KEY_UISupportedInterfaceOrientations_iPhone = "UIInterfaceOrientationPortrait UIInterfaceOrientationLandscapeLeft UIInterfaceOrientationLandscapeRight";
				LD_RUNPATH_SEARCH_PATHS = (
					"$(inherited)",
					"@executable_path/Frameworks",
				);
				MARKETING_VERSION = 1.0;
				PRODUCT_BUNDLE_IDENTIFIER = com.jilsco.Absurdle;
				PRODUCT_NAME = "$(TARGET_NAME)";
				SWIFT_EMIT_LOC_STRINGS = YES;
				SWIFT_VERSION = 5.0;
				TARGETED_DEVICE_FAMILY = "1,2";
			};
			name = Release;
		};
		A17DE2342AD75B2F00C3E901 /* Debug */ = {
			isa = XCBuildConfiguration;
			buildSettings = {
				ALWAYS_EMBED_SWIFT_STANDARD_LIBRARIES = YES;
				BUNDLE_LOADER = "$(TEST_HOST)";
				CODE_SIGN_STYLE = Automatic;
				CURRENT_PROJECT_VERSION = 1;
				DEVELOPMENT_TEAM = XH2WTT3V74;
				GENERATE_INFOPLIST_FILE = YES;
				IPHONEOS_DEPLOYMENT_TARGET = 17.0;
				MARKETING_VERSION = 1.0;
				PRODUCT_BUNDLE_IDENTIFIER = com.jilsco.AbsurdleTests;
				PRODUCT_NAME = "$(TARGET_NAME)";
				SWIFT_EMIT_LOC_STRINGS = NO;
				SWIFT_VERSION = 5.0;
				TARGETED_DEVICE_FAMILY = "1,2";
				TEST_HOST = "$(BUILT_PRODUCTS_DIR)/Absurdle.app/$(BUNDLE_EXECUTABLE_FOLDER_PATH)/Absurdle";
			};
			name = Debug;
		};
		A17DE2352AD75B2F00C3E901 /* Release */ = {
			isa = XCBuildConfiguration;
			buildSettings = {
				ALWAYS_EMBED_SWIFT_STANDARD_LIBRARIES = YES;
				BUNDLE_LOADER = "$(TEST_HOST)";
				CODE_SIGN_STYLE = Automatic;
				CURRENT_PROJECT_VERSION = 1;
				DEVELOPMENT_TEAM = XH2WTT3V74;
				GENERATE_INFOPLIST_FILE = YES;
				IPHONEOS_DEPLOYMENT_TARGET = 17.0;
				MARKETING_VERSION = 1.0;
				PRODUCT_BUNDLE_IDENTIFIER = com.jilsco.AbsurdleTests;
				PRODUCT_NAME = "$(TARGET_NAME)";
				SWIFT_EMIT_LOC_STRINGS = NO;
				SWIFT_VERSION = 5.0;
				TARGETED_DEVICE_FAMILY = "1,2";
				TEST_HOST = "$(BUILT_PRODUCTS_DIR)/Absurdle.app/$(BUNDLE_EXECUTABLE_FOLDER_PATH)/Absurdle";
			};
			name = Release;
		};
		A17DE2372AD75B2F00C3E901 /* Debug */ = {
			isa = XCBuildConfiguration;
			buildSettings = {
				ALWAYS_EMBED_SWIFT_STANDARD_LIBRARIES = YES;
				CODE_SIGN_STYLE = Automatic;
				CURRENT_PROJECT_VERSION = 1;
				DEVELOPMENT_TEAM = XH2WTT3V74;
				GENERATE_INFOPLIST_FILE = YES;
				MARKETING_VERSION = 1.0;
				PRODUCT_BUNDLE_IDENTIFIER = com.jilsco.AbsurdleUITests;
				PRODUCT_NAME = "$(TARGET_NAME)";
				SWIFT_EMIT_LOC_STRINGS = NO;
				SWIFT_VERSION = 5.0;
				TARGETED_DEVICE_FAMILY = "1,2";
				TEST_TARGET_NAME = Absurdle;
			};
			name = Debug;
		};
		A17DE2382AD75B2F00C3E901 /* Release */ = {
			isa = XCBuildConfiguration;
			buildSettings = {
				ALWAYS_EMBED_SWIFT_STANDARD_LIBRARIES = YES;
				CODE_SIGN_STYLE = Automatic;
				CURRENT_PROJECT_VERSION = 1;
				DEVELOPMENT_TEAM = XH2WTT3V74;
				GENERATE_INFOPLIST_FILE = YES;
				MARKETING_VERSION = 1.0;
				PRODUCT_BUNDLE_IDENTIFIER = com.jilsco.AbsurdleUITests;
				PRODUCT_NAME = "$(TARGET_NAME)";
				SWIFT_EMIT_LOC_STRINGS = NO;
				SWIFT_VERSION = 5.0;
				TARGETED_DEVICE_FAMILY = "1,2";
				TEST_TARGET_NAME = Absurdle;
			};
			name = Release;
		};
/* End XCBuildConfiguration section */

/* Begin XCConfigurationList section */
		A17DE2032AD75B2D00C3E901 /* Build configuration list for PBXProject "Absurdle" */ = {
			isa = XCConfigurationList;
			buildConfigurations = (
				A17DE22E2AD75B2F00C3E901 /* Debug */,
				A17DE22F2AD75B2F00C3E901 /* Release */,
			);
			defaultConfigurationIsVisible = 0;
			defaultConfigurationName = Release;
		};
		A17DE2302AD75B2F00C3E901 /* Build configuration list for PBXNativeTarget "Absurdle" */ = {
			isa = XCConfigurationList;
			buildConfigurations = (
				A17DE2312AD75B2F00C3E901 /* Debug */,
				A17DE2322AD75B2F00C3E901 /* Release */,
			);
			defaultConfigurationIsVisible = 0;
			defaultConfigurationName = Release;
		};
		A17DE2332AD75B2F00C3E901 /* Build configuration list for PBXNativeTarget "AbsurdleTests" */ = {
			isa = XCConfigurationList;
			buildConfigurations = (
				A17DE2342AD75B2F00C3E901 /* Debug */,
				A17DE2352AD75B2F00C3E901 /* Release */,
			);
			defaultConfigurationIsVisible = 0;
			defaultConfigurationName = Release;
		};
		A17DE2362AD75B2F00C3E901 /* Build configuration list for PBXNativeTarget "AbsurdleUITests" */ = {
			isa = XCConfigurationList;
			buildConfigurations = (
				A17DE2372AD75B2F00C3E901 /* Debug */,
				A17DE2382AD75B2F00C3E901 /* Release */,
			);
			defaultConfigurationIsVisible = 0;
			defaultConfigurationName = Release;
		};
/* End XCConfigurationList section */
	};
	rootObject = A17DE2002AD75B2D00C3E901 /* Project object */;
}
